// !$*UTF8*$!
{
	archiveVersion = 1;
	classes = {
	};
	objectVersion = 50;
	objects = {

/* Begin PBXBuildFile section */
		DB389FCB228BD86A00E53F07 /* AppDelegate.swift in Sources */ = {isa = PBXBuildFile; fileRef = DB389FCA228BD86A00E53F07 /* AppDelegate.swift */; };
		DB389FCD228BD86A00E53F07 /* ViewController.swift in Sources */ = {isa = PBXBuildFile; fileRef = DB389FCC228BD86A00E53F07 /* ViewController.swift */; };
		DB389FD0228BD86A00E53F07 /* Main.storyboard in Resources */ = {isa = PBXBuildFile; fileRef = DB389FCE228BD86A00E53F07 /* Main.storyboard */; };
		DB389FD2228BD86B00E53F07 /* Assets.xcassets in Resources */ = {isa = PBXBuildFile; fileRef = DB389FD1228BD86B00E53F07 /* Assets.xcassets */; };
		DB389FD5228BD86B00E53F07 /* LaunchScreen.storyboard in Resources */ = {isa = PBXBuildFile; fileRef = DB389FD3228BD86B00E53F07 /* LaunchScreen.storyboard */; };
		DB944386228BE59C00ACBE24 /* LearnerModel.swift in Sources */ = {isa = PBXBuildFile; fileRef = DB944385228BE59C00ACBE24 /* LearnerModel.swift */; };
		DB944388228BF56300ACBE24 /* objectModel.swift in Sources */ = {isa = PBXBuildFile; fileRef = DB944387228BF56300ACBE24 /* objectModel.swift */; };
		DB94438A228C030800ACBE24 /* FacilitatorModel.swift in Sources */ = {isa = PBXBuildFile; fileRef = DB944389228C030800ACBE24 /* FacilitatorModel.swift */; };
		DB94438C228C09BC00ACBE24 /* RoundedButton.swift in Sources */ = {isa = PBXBuildFile; fileRef = DB94438B228C09BC00ACBE24 /* RoundedButton.swift */; };
/* End PBXBuildFile section */

/* Begin PBXFileReference section */
		DB389FC7228BD86A00E53F07 /* LearnerOOP.app */ = {isa = PBXFileReference; explicitFileType = wrapper.application; includeInIndex = 0; path = LearnerOOP.app; sourceTree = BUILT_PRODUCTS_DIR; };
		DB389FCA228BD86A00E53F07 /* AppDelegate.swift */ = {isa = PBXFileReference; lastKnownFileType = sourcecode.swift; path = AppDelegate.swift; sourceTree = "<group>"; };
		DB389FCC228BD86A00E53F07 /* ViewController.swift */ = {isa = PBXFileReference; lastKnownFileType = sourcecode.swift; path = ViewController.swift; sourceTree = "<group>"; };
		DB389FCF228BD86A00E53F07 /* Base */ = {isa = PBXFileReference; lastKnownFileType = file.storyboard; name = Base; path = Base.lproj/Main.storyboard; sourceTree = "<group>"; };
		DB389FD1228BD86B00E53F07 /* Assets.xcassets */ = {isa = PBXFileReference; lastKnownFileType = folder.assetcatalog; path = Assets.xcassets; sourceTree = "<group>"; };
		DB389FD4228BD86B00E53F07 /* Base */ = {isa = PBXFileReference; lastKnownFileType = file.storyboard; name = Base; path = Base.lproj/LaunchScreen.storyboard; sourceTree = "<group>"; };
		DB389FD6228BD86B00E53F07 /* Info.plist */ = {isa = PBXFileReference; lastKnownFileType = text.plist.xml; path = Info.plist; sourceTree = "<group>"; };
		DB944385228BE59C00ACBE24 /* LearnerModel.swift */ = {isa = PBXFileReference; lastKnownFileType = sourcecode.swift; path = LearnerModel.swift; sourceTree = "<group>"; };
		DB944387228BF56300ACBE24 /* objectModel.swift */ = {isa = PBXFileReference; lastKnownFileType = sourcecode.swift; path = objectModel.swift; sourceTree = "<group>"; };
		DB944389228C030800ACBE24 /* FacilitatorModel.swift */ = {isa = PBXFileReference; lastKnownFileType = sourcecode.swift; path = FacilitatorModel.swift; sourceTree = "<group>"; };
		DB94438B228C09BC00ACBE24 /* RoundedButton.swift */ = {isa = PBXFileReference; lastKnownFileType = sourcecode.swift; path = RoundedButton.swift; sourceTree = "<group>"; };
/* End PBXFileReference section */

/* Begin PBXFrameworksBuildPhase section */
		DB389FC4228BD86A00E53F07 /* Frameworks */ = {
			isa = PBXFrameworksBuildPhase;
			buildActionMask = 2147483647;
			files = (
			);
			runOnlyForDeploymentPostprocessing = 0;
		};
/* End PBXFrameworksBuildPhase section */

/* Begin PBXGroup section */
		DB389FBE228BD86A00E53F07 = {
			isa = PBXGroup;
			children = (
				DB389FC9228BD86A00E53F07 /* LearnerOOP */,
				DB389FC8228BD86A00E53F07 /* Products */,
			);
			sourceTree = "<group>";
		};
		DB389FC8228BD86A00E53F07 /* Products */ = {
			isa = PBXGroup;
			children = (
				DB389FC7228BD86A00E53F07 /* LearnerOOP.app */,
			);
			name = Products;
			sourceTree = "<group>";
		};
		DB389FC9228BD86A00E53F07 /* LearnerOOP */ = {
			isa = PBXGroup;
			children = (
				DB389FCA228BD86A00E53F07 /* AppDelegate.swift */,
				DB389FCC228BD86A00E53F07 /* ViewController.swift */,
				DB944385228BE59C00ACBE24 /* LearnerModel.swift */,
				DB389FCE228BD86A00E53F07 /* Main.storyboard */,
				DB389FD1228BD86B00E53F07 /* Assets.xcassets */,
				DB389FD3228BD86B00E53F07 /* LaunchScreen.storyboard */,
				DB389FD6228BD86B00E53F07 /* Info.plist */,
				DB944387228BF56300ACBE24 /* objectModel.swift */,
				DB944389228C030800ACBE24 /* FacilitatorModel.swift */,
				DB94438B228C09BC00ACBE24 /* RoundedButton.swift */,
			);
			path = LearnerOOP;
			sourceTree = "<group>";
		};
/* End PBXGroup section */

/* Begin PBXNativeTarget section */
		DB389FC6228BD86A00E53F07 /* LearnerOOP */ = {
			isa = PBXNativeTarget;
			buildConfigurationList = DB389FD9228BD86B00E53F07 /* Build configuration list for PBXNativeTarget "LearnerOOP" */;
			buildPhases = (
				DB389FC3228BD86A00E53F07 /* Sources */,
				DB389FC4228BD86A00E53F07 /* Frameworks */,
				DB389FC5228BD86A00E53F07 /* Resources */,
			);
			buildRules = (
			);
			dependencies = (
			);
			name = LearnerOOP;
			productName = LearnerOOP;
			productReference = DB389FC7228BD86A00E53F07 /* LearnerOOP.app */;
			productType = "com.apple.product-type.application";
		};
/* End PBXNativeTarget section */

/* Begin PBXProject section */
		DB389FBF228BD86A00E53F07 /* Project object */ = {
			isa = PBXProject;
			attributes = {
				LastSwiftUpdateCheck = 1020;
				LastUpgradeCheck = 1020;
				ORGANIZATIONNAME = dea;
				TargetAttributes = {
					DB389FC6228BD86A00E53F07 = {
						CreatedOnToolsVersion = 10.2.1;
					};
				};
			};
			buildConfigurationList = DB389FC2228BD86A00E53F07 /* Build configuration list for PBXProject "LearnerOOP" */;
			compatibilityVersion = "Xcode 9.3";
			developmentRegion = en;
			hasScannedForEncodings = 0;
			knownRegions = (
				en,
				Base,
			);
			mainGroup = DB389FBE228BD86A00E53F07;
			productRefGroup = DB389FC8228BD86A00E53F07 /* Products */;
			projectDirPath = "";
			projectRoot = "";
			targets = (
				DB389FC6228BD86A00E53F07 /* LearnerOOP */,
			);
		};
/* End PBXProject section */

/* Begin PBXResourcesBuildPhase section */
		DB389FC5228BD86A00E53F07 /* Resources */ = {
			isa = PBXResourcesBuildPhase;
			buildActionMask = 2147483647;
			files = (
				DB389FD5228BD86B00E53F07 /* LaunchScreen.storyboard in Resources */,
				DB389FD2228BD86B00E53F07 /* Assets.xcassets in Resources */,
				DB389FD0228BD86A00E53F07 /* Main.storyboard in Resources */,
			);
			runOnlyForDeploymentPostprocessing = 0;
		};
/* End PBXResourcesBuildPhase section */

/* Begin PBXSourcesBuildPhase section */
		DB389FC3228BD86A00E53F07 /* Sources */ = {
			isa = PBXSourcesBuildPhase;
			buildActionMask = 2147483647;
			files = (
				DB944388228BF56300ACBE24 /* objectModel.swift in Sources */,
				DB94438C228C09BC00ACBE24 /* RoundedButton.swift in Sources */,
				DB389FCD228BD86A00E53F07 /* ViewController.swift in Sources */,
				DB944386228BE59C00ACBE24 /* LearnerModel.swift in Sources */,
				DB94438A228C030800ACBE24 /* FacilitatorModel.swift in Sources */,
				DB389FCB228BD86A00E53F07 /* AppDelegate.swift in Sources */,
			);
			runOnlyForDeploymentPostprocessing = 0;
		};
/* End PBXSourcesBuildPhase section */

/* Begin PBXVariantGroup section */
		DB389FCE228BD86A00E53F07 /* Main.storyboard */ = {
			isa = PBXVariantGroup;
			children = (
				DB389FCF228BD86A00E53F07 /* Base */,
			);
			name = Main.storyboard;
			sourceTree = "<group>";
		};
		DB389FD3228BD86B00E53F07 /* LaunchScreen.storyboard */ = {
			isa = PBXVariantGroup;
			children = (
				DB389FD4228BD86B00E53F07 /* Base */,
			);
			name = LaunchScreen.storyboard;
			sourceTree = "<group>";
		};
/* End PBXVariantGroup section */

/* Begin XCBuildConfiguration section */
		DB389FD7228BD86B00E53F07 /* Debug */ = {
			isa = XCBuildConfiguration;
			buildSettings = {
				ALWAYS_SEARCH_USER_PATHS = NO;
				CLANG_ANALYZER_NONNULL = YES;
				CLANG_ANALYZER_NUMBER_OBJECT_CONVERSION = YES_AGGRESSIVE;
				CLANG_CXX_LANGUAGE_STANDARD = "gnu++14";
				CLANG_CXX_LIBRARY = "libc++";
				CLANG_ENABLE_MODULES = YES;
				CLANG_ENABLE_OBJC_ARC = YES;
				CLANG_ENABLE_OBJC_WEAK = YES;
				CLANG_WARN_BLOCK_CAPTURE_AUTORELEASING = YES;
				CLANG_WARN_BOOL_CONVERSION = YES;
				CLANG_WARN_COMMA = YES;
				CLANG_WARN_CONSTANT_CONVERSION = YES;
				CLANG_WARN_DEPRECATED_OBJC_IMPLEMENTATIONS = YES;
				CLANG_WARN_DIRECT_OBJC_ISA_USAGE = YES_ERROR;
				CLANG_WARN_DOCUMENTATION_COMMENTS = YES;
				CLANG_WARN_EMPTY_BODY = YES;
				CLANG_WARN_ENUM_CONVERSION = YES;
				CLANG_WARN_INFINITE_RECURSION = YES;
				CLANG_WARN_INT_CONVERSION = YES;
				CLANG_WARN_NON_LITERAL_NULL_CONVERSION = YES;
				CLANG_WARN_OBJC_IMPLICIT_RETAIN_SELF = YES;
				CLANG_WARN_OBJC_LITERAL_CONVERSION = YES;
				CLANG_WARN_OBJC_ROOT_CLASS = YES_ERROR;
				CLANG_WARN_RANGE_LOOP_ANALYSIS = YES;
				CLANG_WARN_STRICT_PROTOTYPES = YES;
				CLANG_WARN_SUSPICIOUS_MOVE = YES;
				CLANG_WARN_UNGUARDED_AVAILABILITY = YES_AGGRESSIVE;
				CLANG_WARN_UNREACHABLE_CODE = YES;
				CLANG_WARN__DUPLICATE_METHOD_MATCH = YES;
				CODE_SIGN_IDENTITY = "iPhone Developer";
				COPY_PHASE_STRIP = NO;
				DEBUG_INFORMATION_FORMAT = dwarf;
				ENABLE_STRICT_OBJC_MSGSEND = YES;
				ENABLE_TESTABILITY = YES;
				GCC_C_LANGUAGE_STANDARD = gnu11;
				GCC_DYNAMIC_NO_PIC = NO;
				GCC_NO_COMMON_BLOCKS = YES;
				GCC_OPTIMIZATION_LEVEL = 0;
				GCC_PREPROCESSOR_DEFINITIONS = (
					"DEBUG=1",
					"$(inherited)",
				);
				GCC_WARN_64_TO_32_BIT_CONVERSION = YES;
				GCC_WARN_ABOUT_RETURN_TYPE = YES_ERROR;
				GCC_WARN_UNDECLARED_SELECTOR = YES;
				GCC_WARN_UNINITIALIZED_AUTOS = YES_AGGRESSIVE;
				GCC_WARN_UNUSED_FUNCTION = YES;
				GCC_WARN_UNUSED_VARIABLE = YES;
				IPHONEOS_DEPLOYMENT_TARGET = 12.2;
				MTL_ENABLE_DEBUG_INFO = INCLUDE_SOURCE;
				MTL_FAST_MATH = YES;
				ONLY_ACTIVE_ARCH = YES;
				SDKROOT = iphoneos;
				SWIFT_ACTIVE_COMPILATION_CONDITIONS = DEBUG;
				SWIFT_OPTIMIZATION_LEVEL = "-Onone";
			};
			name = Debug;
		};
		DB389FD8228BD86B00E53F07 /* Release */ = {
			isa = XCBuildConfiguration;
			buildSettings = {
				ALWAYS_SEARCH_USER_PATHS = NO;
				CLANG_ANALYZER_NONNULL = YES;
				CLANG_ANALYZER_NUMBER_OBJECT_CONVERSION = YES_AGGRESSIVE;
				CLANG_CXX_LANGUAGE_STANDARD = "gnu++14";
				CLANG_CXX_LIBRARY = "libc++";
				CLANG_ENABLE_MODULES = YES;
				CLANG_ENABLE_OBJC_ARC = YES;
				CLANG_ENABLE_OBJC_WEAK = YES;
				CLANG_WARN_BLOCK_CAPTURE_AUTORELEASING = YES;
				CLANG_WARN_BOOL_CONVERSION = YES;
				CLANG_WARN_COMMA = YES;
				CLANG_WARN_CONSTANT_CONVERSION = YES;
				CLANG_WARN_DEPRECATED_OBJC_IMPLEMENTATIONS = YES;
				CLANG_WARN_DIRECT_OBJC_ISA_USAGE = YES_ERROR;
				CLANG_WARN_DOCUMENTATION_COMMENTS = YES;
				CLANG_WARN_EMPTY_BODY = YES;
				CLANG_WARN_ENUM_CONVERSION = YES;
				CLANG_WARN_INFINITE_RECURSION = YES;
				CLANG_WARN_INT_CONVERSION = YES;
				CLANG_WARN_NON_LITERAL_NULL_CONVERSION = YES;
				CLANG_WARN_OBJC_IMPLICIT_RETAIN_SELF = YES;
				CLANG_WARN_OBJC_LITERAL_CONVERSION = YES;
				CLANG_WARN_OBJC_ROOT_CLASS = YES_ERROR;
				CLANG_WARN_RANGE_LOOP_ANALYSIS = YES;
				CLANG_WARN_STRICT_PROTOTYPES = YES;
				CLANG_WARN_SUSPICIOUS_MOVE = YES;
				CLANG_WARN_UNGUARDED_AVAILABILITY = YES_AGGRESSIVE;
				CLANG_WARN_UNREACHABLE_CODE = YES;
				CLANG_WARN__DUPLICATE_METHOD_MATCH = YES;
				CODE_SIGN_IDENTITY = "iPhone Developer";
				COPY_PHASE_STRIP = NO;
				DEBUG_INFORMATION_FORMAT = "dwarf-with-dsym";
				ENABLE_NS_ASSERTIONS = NO;
				ENABLE_STRICT_OBJC_MSGSEND = YES;
				GCC_C_LANGUAGE_STANDARD = gnu11;
				GCC_NO_COMMON_BLOCKS = YES;
				GCC_WARN_64_TO_32_BIT_CONVERSION = YES;
				GCC_WARN_ABOUT_RETURN_TYPE = YES_ERROR;
				GCC_WARN_UNDECLARED_SELECTOR = YES;
				GCC_WARN_UNINITIALIZED_AUTOS = YES_AGGRESSIVE;
				GCC_WARN_UNUSED_FUNCTION = YES;
				GCC_WARN_UNUSED_VARIABLE = YES;
				IPHONEOS_DEPLOYMENT_TARGET = 12.2;
				MTL_ENABLE_DEBUG_INFO = NO;
				MTL_FAST_MATH = YES;
				SDKROOT = iphoneos;
				SWIFT_COMPILATION_MODE = wholemodule;
				SWIFT_OPTIMIZATION_LEVEL = "-O";
				VALIDATE_PRODUCT = YES;
			};
			name = Release;
		};
		DB389FDA228BD86B00E53F07 /* Debug */ = {
			isa = XCBuildConfiguration;
			buildSettings = {
				ASSETCATALOG_COMPILER_APPICON_NAME = AppIcon;
				CODE_SIGN_STYLE = Manual;
				DEVELOPMENT_TEAM = "";
				INFOPLIST_FILE = LearnerOOP/Info.plist;
				LD_RUNPATH_SEARCH_PATHS = (
					"$(inherited)",
					"@executable_path/Frameworks",
				);
				PRODUCT_BUNDLE_IDENTIFIER = com.coba.LearnerOOP;
				PRODUCT_NAME = "$(TARGET_NAME)";
				PROVISIONING_PROFILE_SPECIFIER = "";
				SWIFT_VERSION = 5.0;
				TARGETED_DEVICE_FAMILY = "1,2";
			};
			name = Debug;
		};
		DB389FDB228BD86B00E53F07 /* Release */ = {
			isa = XCBuildConfiguration;
			buildSettings = {
				ASSETCATALOG_COMPILER_APPICON_NAME = AppIcon;
				CODE_SIGN_STYLE = Manual;
				DEVELOPMENT_TEAM = "";
				INFOPLIST_FILE = LearnerOOP/Info.plist;
				LD_RUNPATH_SEARCH_PATHS = (
					"$(inherited)",
					"@executable_path/Frameworks",
				);
				PRODUCT_BUNDLE_IDENTIFIER = com.coba.LearnerOOP;
				PRODUCT_NAME = "$(TARGET_NAME)";
				PROVISIONING_PROFILE_SPECIFIER = "";
				SWIFT_VERSION = 5.0;
				TARGETED_DEVICE_FAMILY = "1,2";
			};
			name = Release;
		};
/* End XCBuildConfiguration section */

/* Begin XCConfigurationList section */
		DB389FC2228BD86A00E53F07 /* Build configuration list for PBXProject "LearnerOOP" */ = {
			isa = XCConfigurationList;
			buildConfigurations = (
				DB389FD7228BD86B00E53F07 /* Debug */,
				DB389FD8228BD86B00E53F07 /* Release */,
			);
			defaultConfigurationIsVisible = 0;
			defaultConfigurationName = Release;
		};
		DB389FD9228BD86B00E53F07 /* Build configuration list for PBXNativeTarget "LearnerOOP" */ = {
			isa = XCConfigurationList;
			buildConfigurations = (
				DB389FDA228BD86B00E53F07 /* Debug */,
				DB389FDB228BD86B00E53F07 /* Release */,
			);
			defaultConfigurationIsVisible = 0;
			defaultConfigurationName = Release;
		};
/* End XCConfigurationList section */
	};
	rootObject = DB389FBF228BD86A00E53F07 /* Project object */;
}
